
Microsoft Visual Studio Solution File, Format Version 12.00
# Visual Studio 15
VisualStudioVersion = 15.0.27703.2047
MinimumVisualStudioVersion = 10.0.40219.1
Project("{FAE04EC0-301F-11D3-BF4B-00C04F79EFBC}") = "DemoMobileApp.Android", "DemoMobileApp\DemoMobileApp.Android\DemoMobileApp.Android.csproj", "{CA0E47F5-18F3-44E5-9019-433E1B79E0FD}"
EndProject
Project("{FAE04EC0-301F-11D3-BF4B-00C04F79EFBC}") = "DemoMobileApp.iOS", "DemoMobileApp\DemoMobileApp.iOS\DemoMobileApp.iOS.csproj", "{5BE806ED-154C-4C09-B1CC-C801C9966400}"
EndProject
Project("{FAE04EC0-301F-11D3-BF4B-00C04F79EFBC}") = "DemoMobileApp.UWP", "DemoMobileApp\DemoMobileApp.UWP\DemoMobileApp.UWP.csproj", "{E9B90669-C1B5-48CF-8542-F794433B6AF3}"
EndProject
Project("{9A19103F-16F7-4668-BE54-9A1E7A4F7556}") = "DemoMobileApp", "DemoMobileApp\DemoMobileApp\DemoMobileApp.csproj", "{D2142898-B8C5-4F15-AA11-3377CB74B830}"
EndProject
Global
	GlobalSection(SolutionConfigurationPlatforms) = preSolution
		Ad-Hoc|Any CPU = Ad-Hoc|Any CPU
		Ad-Hoc|ARM = Ad-Hoc|ARM
		Ad-Hoc|iPhone = Ad-Hoc|iPhone
		Ad-Hoc|iPhoneSimulator = Ad-Hoc|iPhoneSimulator
		Ad-Hoc|x64 = Ad-Hoc|x64
		Ad-Hoc|x86 = Ad-Hoc|x86
		AppStore|Any CPU = AppStore|Any CPU
		AppStore|ARM = AppStore|ARM
		AppStore|iPhone = AppStore|iPhone
		AppStore|iPhoneSimulator = AppStore|iPhoneSimulator
		AppStore|x64 = AppStore|x64
		AppStore|x86 = AppStore|x86
		Debug|Any CPU = Debug|Any CPU
		Debug|ARM = Debug|ARM
		Debug|iPhone = Debug|iPhone
		Debug|iPhoneSimulator = Debug|iPhoneSimulator
		Debug|x64 = Debug|x64
		Debug|x86 = Debug|x86
		Release|Any CPU = Release|Any CPU
		Release|ARM = Release|ARM
		Release|iPhone = Release|iPhone
		Release|iPhoneSimulator = Release|iPhoneSimulator
		Release|x64 = Release|x64
		Release|x86 = Release|x86
	EndGlobalSection
	GlobalSection(ProjectConfigurationPlatforms) = postSolution
		{CA0E47F5-18F3-44E5-9019-433E1B79E0FD}.Ad-Hoc|Any CPU.ActiveCfg = Release|Any CPU
		{CA0E47F5-18F3-44E5-9019-433E1B79E0FD}.Ad-Hoc|Any CPU.Build.0 = Release|Any CPU
		{CA0E47F5-18F3-44E5-9019-433E1B79E0FD}.Ad-Hoc|Any CPU.Deploy.0 = Release|Any CPU
		{CA0E47F5-18F3-44E5-9019-433E1B79E0FD}.Ad-Hoc|ARM.ActiveCfg = Release|Any CPU
		{CA0E47F5-18F3-44E5-9019-433E1B79E0FD}.Ad-Hoc|ARM.Build.0 = Release|Any CPU
		{CA0E47F5-18F3-44E5-9019-433E1B79E0FD}.Ad-Hoc|ARM.Deploy.0 = Release|Any CPU
		{CA0E47F5-18F3-44E5-9019-433E1B79E0FD}.Ad-Hoc|iPhone.ActiveCfg = Release|Any CPU
		{CA0E47F5-18F3-44E5-9019-433E1B79E0FD}.Ad-Hoc|iPhone.Build.0 = Release|Any CPU
		{CA0E47F5-18F3-44E5-9019-433E1B79E0FD}.Ad-Hoc|iPhone.Deploy.0 = Release|Any CPU
		{CA0E47F5-18F3-44E5-9019-433E1B79E0FD}.Ad-Hoc|iPhoneSimulator.ActiveCfg = Release|Any CPU
		{CA0E47F5-18F3-44E5-9019-433E1B79E0FD}.Ad-Hoc|iPhoneSimulator.Build.0 = Release|Any CPU
		{CA0E47F5-18F3-44E5-9019-433E1B79E0FD}.Ad-Hoc|iPhoneSimulator.Deploy.0 = Release|Any CPU
		{CA0E47F5-18F3-44E5-9019-433E1B79E0FD}.Ad-Hoc|x64.ActiveCfg = Release|Any CPU
		{CA0E47F5-18F3-44E5-9019-433E1B79E0FD}.Ad-Hoc|x64.Build.0 = Release|Any CPU
		{CA0E47F5-18F3-44E5-9019-433E1B79E0FD}.Ad-Hoc|x64.Deploy.0 = Release|Any CPU
		{CA0E47F5-18F3-44E5-9019-433E1B79E0FD}.Ad-Hoc|x86.ActiveCfg = Release|Any CPU
		{CA0E47F5-18F3-44E5-9019-433E1B79E0FD}.Ad-Hoc|x86.Build.0 = Release|Any CPU
		{CA0E47F5-18F3-44E5-9019-433E1B79E0FD}.Ad-Hoc|x86.Deploy.0 = Release|Any CPU
		{CA0E47F5-18F3-44E5-9019-433E1B79E0FD}.AppStore|Any CPU.ActiveCfg = Release|Any CPU
		{CA0E47F5-18F3-44E5-9019-433E1B79E0FD}.AppStore|Any CPU.Build.0 = Release|Any CPU
		{CA0E47F5-18F3-44E5-9019-433E1B79E0FD}.AppStore|Any CPU.Deploy.0 = Release|Any CPU
		{CA0E47F5-18F3-44E5-9019-433E1B79E0FD}.AppStore|ARM.ActiveCfg = Release|Any CPU
		{CA0E47F5-18F3-44E5-9019-433E1B79E0FD}.AppStore|ARM.Build.0 = Release|Any CPU
		{CA0E47F5-18F3-44E5-9019-433E1B79E0FD}.AppStore|ARM.Deploy.0 = Release|Any CPU
		{CA0E47F5-18F3-44E5-9019-433E1B79E0FD}.AppStore|iPhone.ActiveCfg = Release|Any CPU
		{CA0E47F5-18F3-44E5-9019-433E1B79E0FD}.AppStore|iPhone.Build.0 = Release|Any CPU
		{CA0E47F5-18F3-44E5-9019-433E1B79E0FD}.AppStore|iPhone.Deploy.0 = Release|Any CPU
		{CA0E47F5-18F3-44E5-9019-433E1B79E0FD}.AppStore|iPhoneSimulator.ActiveCfg = Release|Any CPU
		{CA0E47F5-18F3-44E5-9019-433E1B79E0FD}.AppStore|iPhoneSimulator.Build.0 = Release|Any CPU
		{CA0E47F5-18F3-44E5-9019-433E1B79E0FD}.AppStore|iPhoneSimulator.Deploy.0 = Release|Any CPU
		{CA0E47F5-18F3-44E5-9019-433E1B79E0FD}.AppStore|x64.ActiveCfg = Release|Any CPU
		{CA0E47F5-18F3-44E5-9019-433E1B79E0FD}.AppStore|x64.Build.0 = Release|Any CPU
		{CA0E47F5-18F3-44E5-9019-433E1B79E0FD}.AppStore|x64.Deploy.0 = Release|Any CPU
		{CA0E47F5-18F3-44E5-9019-433E1B79E0FD}.AppStore|x86.ActiveCfg = Release|Any CPU
		{CA0E47F5-18F3-44E5-9019-433E1B79E0FD}.AppStore|x86.Build.0 = Release|Any CPU
		{CA0E47F5-18F3-44E5-9019-433E1B79E0FD}.AppStore|x86.Deploy.0 = Release|Any CPU
		{CA0E47F5-18F3-44E5-9019-433E1B79E0FD}.Debug|Any CPU.ActiveCfg = Debug|Any CPU
		{CA0E47F5-18F3-44E5-9019-433E1B79E0FD}.Debug|Any CPU.Build.0 = Debug|Any CPU
		{CA0E47F5-18F3-44E5-9019-433E1B79E0FD}.Debug|Any CPU.Deploy.0 = Debug|Any CPU
		{CA0E47F5-18F3-44E5-9019-433E1B79E0FD}.Debug|ARM.ActiveCfg = Debug|Any CPU
		{CA0E47F5-18F3-44E5-9019-433E1B79E0FD}.Debug|ARM.Build.0 = Debug|Any CPU
		{CA0E47F5-18F3-44E5-9019-433E1B79E0FD}.Debug|ARM.Deploy.0 = Debug|Any CPU
		{CA0E47F5-18F3-44E5-9019-433E1B79E0FD}.Debug|iPhone.ActiveCfg = Debug|Any CPU
		{CA0E47F5-18F3-44E5-9019-433E1B79E0FD}.Debug|iPhone.Build.0 = Debug|Any CPU
		{CA0E47F5-18F3-44E5-9019-433E1B79E0FD}.Debug|iPhone.Deploy.0 = Debug|Any CPU
		{CA0E47F5-18F3-44E5-9019-433E1B79E0FD}.Debug|iPhoneSimulator.ActiveCfg = Debug|Any CPU
		{CA0E47F5-18F3-44E5-9019-433E1B79E0FD}.Debug|iPhoneSimulator.Build.0 = Debug|Any CPU
		{CA0E47F5-18F3-44E5-9019-433E1B79E0FD}.Debug|iPhoneSimulator.Deploy.0 = Debug|Any CPU
		{CA0E47F5-18F3-44E5-9019-433E1B79E0FD}.Debug|x64.ActiveCfg = Debug|Any CPU
		{CA0E47F5-18F3-44E5-9019-433E1B79E0FD}.Debug|x64.Build.0 = Debug|Any CPU
		{CA0E47F5-18F3-44E5-9019-433E1B79E0FD}.Debug|x64.Deploy.0 = Debug|Any CPU
		{CA0E47F5-18F3-44E5-9019-433E1B79E0FD}.Debug|x86.ActiveCfg = Debug|Any CPU
		{CA0E47F5-18F3-44E5-9019-433E1B79E0FD}.Debug|x86.Build.0 = Debug|Any CPU
		{CA0E47F5-18F3-44E5-9019-433E1B79E0FD}.Debug|x86.Deploy.0 = Debug|Any CPU
		{CA0E47F5-18F3-44E5-9019-433E1B79E0FD}.Release|Any CPU.ActiveCfg = Release|Any CPU
		{CA0E47F5-18F3-44E5-9019-433E1B79E0FD}.Release|Any CPU.Build.0 = Release|Any CPU
		{CA0E47F5-18F3-44E5-9019-433E1B79E0FD}.Release|Any CPU.Deploy.0 = Release|Any CPU
		{CA0E47F5-18F3-44E5-9019-433E1B79E0FD}.Release|ARM.ActiveCfg = Release|Any CPU
		{CA0E47F5-18F3-44E5-9019-433E1B79E0FD}.Release|ARM.Build.0 = Release|Any CPU
		{CA0E47F5-18F3-44E5-9019-433E1B79E0FD}.Release|ARM.Deploy.0 = Release|Any CPU
		{CA0E47F5-18F3-44E5-9019-433E1B79E0FD}.Release|iPhone.ActiveCfg = Release|Any CPU
		{CA0E47F5-18F3-44E5-9019-433E1B79E0FD}.Release|iPhone.Build.0 = Release|Any CPU
		{CA0E47F5-18F3-44E5-9019-433E1B79E0FD}.Release|iPhone.Deploy.0 = Release|Any CPU
		{CA0E47F5-18F3-44E5-9019-433E1B79E0FD}.Release|iPhoneSimulator.ActiveCfg = Release|Any CPU
		{CA0E47F5-18F3-44E5-9019-433E1B79E0FD}.Release|iPhoneSimulator.Build.0 = Release|Any CPU
		{CA0E47F5-18F3-44E5-9019-433E1B79E0FD}.Release|iPhoneSimulator.Deploy.0 = Release|Any CPU
		{CA0E47F5-18F3-44E5-9019-433E1B79E0FD}.Release|x64.ActiveCfg = Release|Any CPU
		{CA0E47F5-18F3-44E5-9019-433E1B79E0FD}.Release|x64.Build.0 = Release|Any CPU
		{CA0E47F5-18F3-44E5-9019-433E1B79E0FD}.Release|x64.Deploy.0 = Release|Any CPU
		{CA0E47F5-18F3-44E5-9019-433E1B79E0FD}.Release|x86.ActiveCfg = Release|Any CPU
		{CA0E47F5-18F3-44E5-9019-433E1B79E0FD}.Release|x86.Build.0 = Release|Any CPU
		{CA0E47F5-18F3-44E5-9019-433E1B79E0FD}.Release|x86.Deploy.0 = Release|Any CPU
		{5BE806ED-154C-4C09-B1CC-C801C9966400}.Ad-Hoc|Any CPU.ActiveCfg = Ad-Hoc|iPhone
		{5BE806ED-154C-4C09-B1CC-C801C9966400}.Ad-Hoc|Any CPU.Build.0 = Ad-Hoc|iPhone
		{5BE806ED-154C-4C09-B1CC-C801C9966400}.Ad-Hoc|Any CPU.Deploy.0 = Ad-Hoc|iPhone
		{5BE806ED-154C-4C09-B1CC-C801C9966400}.Ad-Hoc|ARM.ActiveCfg = Ad-Hoc|iPhone
		{5BE806ED-154C-4C09-B1CC-C801C9966400}.Ad-Hoc|ARM.Build.0 = Ad-Hoc|iPhone
		{5BE806ED-154C-4C09-B1CC-C801C9966400}.Ad-Hoc|ARM.Deploy.0 = Ad-Hoc|iPhone
		{5BE806ED-154C-4C09-B1CC-C801C9966400}.Ad-Hoc|iPhone.ActiveCfg = Ad-Hoc|iPhone
		{5BE806ED-154C-4C09-B1CC-C801C9966400}.Ad-Hoc|iPhone.Build.0 = Ad-Hoc|iPhone
		{5BE806ED-154C-4C09-B1CC-C801C9966400}.Ad-Hoc|iPhone.Deploy.0 = Ad-Hoc|iPhone
		{5BE806ED-154C-4C09-B1CC-C801C9966400}.Ad-Hoc|iPhoneSimulator.ActiveCfg = Ad-Hoc|iPhoneSimulator
		{5BE806ED-154C-4C09-B1CC-C801C9966400}.Ad-Hoc|iPhoneSimulator.Build.0 = Ad-Hoc|iPhoneSimulator
		{5BE806ED-154C-4C09-B1CC-C801C9966400}.Ad-Hoc|iPhoneSimulator.Deploy.0 = Ad-Hoc|iPhoneSimulator
		{5BE806ED-154C-4C09-B1CC-C801C9966400}.Ad-Hoc|x64.ActiveCfg = Ad-Hoc|iPhone
		{5BE806ED-154C-4C09-B1CC-C801C9966400}.Ad-Hoc|x64.Build.0 = Ad-Hoc|iPhone
		{5BE806ED-154C-4C09-B1CC-C801C9966400}.Ad-Hoc|x64.Deploy.0 = Ad-Hoc|iPhone
		{5BE806ED-154C-4C09-B1CC-C801C9966400}.Ad-Hoc|x86.ActiveCfg = Ad-Hoc|iPhone
		{5BE806ED-154C-4C09-B1CC-C801C9966400}.Ad-Hoc|x86.Build.0 = Ad-Hoc|iPhone
		{5BE806ED-154C-4C09-B1CC-C801C9966400}.Ad-Hoc|x86.Deploy.0 = Ad-Hoc|iPhone
		{5BE806ED-154C-4C09-B1CC-C801C9966400}.AppStore|Any CPU.ActiveCfg = AppStore|iPhone
		{5BE806ED-154C-4C09-B1CC-C801C9966400}.AppStore|Any CPU.Build.0 = AppStore|iPhone
		{5BE806ED-154C-4C09-B1CC-C801C9966400}.AppStore|Any CPU.Deploy.0 = AppStore|iPhone
		{5BE806ED-154C-4C09-B1CC-C801C9966400}.AppStore|ARM.ActiveCfg = AppStore|iPhone
		{5BE806ED-154C-4C09-B1CC-C801C9966400}.AppStore|ARM.Build.0 = AppStore|iPhone
		{5BE806ED-154C-4C09-B1CC-C801C9966400}.AppStore|ARM.Deploy.0 = AppStore|iPhone
		{5BE806ED-154C-4C09-B1CC-C801C9966400}.AppStore|iPhone.ActiveCfg = AppStore|iPhone
		{5BE806ED-154C-4C09-B1CC-C801C9966400}.AppStore|iPhone.Build.0 = AppStore|iPhone
		{5BE806ED-154C-4C09-B1CC-C801C9966400}.AppStore|iPhone.Deploy.0 = AppStore|iPhone
		{5BE806ED-154C-4C09-B1CC-C801C9966400}.AppStore|iPhoneSimulator.ActiveCfg = AppStore|iPhoneSimulator
		{5BE806ED-154C-4C09-B1CC-C801C9966400}.AppStore|iPhoneSimulator.Build.0 = AppStore|iPhoneSimulator
		{5BE806ED-154C-4C09-B1CC-C801C9966400}.AppStore|iPhoneSimulator.Deploy.0 = AppStore|iPhoneSimulator
		{5BE806ED-154C-4C09-B1CC-C801C9966400}.AppStore|x64.ActiveCfg = AppStore|iPhone
		{5BE806ED-154C-4C09-B1CC-C801C9966400}.AppStore|x64.Build.0 = AppStore|iPhone
		{5BE806ED-154C-4C09-B1CC-C801C9966400}.AppStore|x64.Deploy.0 = AppStore|iPhone
		{5BE806ED-154C-4C09-B1CC-C801C9966400}.AppStore|x86.ActiveCfg = AppStore|iPhone
		{5BE806ED-154C-4C09-B1CC-C801C9966400}.AppStore|x86.Build.0 = AppStore|iPhone
		{5BE806ED-154C-4C09-B1CC-C801C9966400}.AppStore|x86.Deploy.0 = AppStore|iPhone
		{5BE806ED-154C-4C09-B1CC-C801C9966400}.Debug|Any CPU.ActiveCfg = Debug|iPhoneSimulator
		{5BE806ED-154C-4C09-B1CC-C801C9966400}.Debug|Any CPU.Build.0 = Debug|iPhoneSimulator
		{5BE806ED-154C-4C09-B1CC-C801C9966400}.Debug|Any CPU.Deploy.0 = Debug|iPhoneSimulator
		{5BE806ED-154C-4C09-B1CC-C801C9966400}.Debug|ARM.ActiveCfg = Debug|iPhone
		{5BE806ED-154C-4C09-B1CC-C801C9966400}.Debug|ARM.Build.0 = Debug|iPhone
		{5BE806ED-154C-4C09-B1CC-C801C9966400}.Debug|ARM.Deploy.0 = Debug|iPhone
		{5BE806ED-154C-4C09-B1CC-C801C9966400}.Debug|iPhone.ActiveCfg = Debug|iPhone
		{5BE806ED-154C-4C09-B1CC-C801C9966400}.Debug|iPhone.Build.0 = Debug|iPhone
		{5BE806ED-154C-4C09-B1CC-C801C9966400}.Debug|iPhone.Deploy.0 = Debug|iPhone
		{5BE806ED-154C-4C09-B1CC-C801C9966400}.Debug|iPhoneSimulator.ActiveCfg = Debug|iPhoneSimulator
		{5BE806ED-154C-4C09-B1CC-C801C9966400}.Debug|iPhoneSimulator.Build.0 = Debug|iPhoneSimulator
		{5BE806ED-154C-4C09-B1CC-C801C9966400}.Debug|iPhoneSimulator.Deploy.0 = Debug|iPhoneSimulator
		{5BE806ED-154C-4C09-B1CC-C801C9966400}.Debug|x64.ActiveCfg = Debug|iPhone
		{5BE806ED-154C-4C09-B1CC-C801C9966400}.Debug|x64.Build.0 = Debug|iPhone
		{5BE806ED-154C-4C09-B1CC-C801C9966400}.Debug|x64.Deploy.0 = Debug|iPhone
		{5BE806ED-154C-4C09-B1CC-C801C9966400}.Debug|x86.ActiveCfg = Debug|iPhone
		{5BE806ED-154C-4C09-B1CC-C801C9966400}.Debug|x86.Build.0 = Debug|iPhone
		{5BE806ED-154C-4C09-B1CC-C801C9966400}.Debug|x86.Deploy.0 = Debug|iPhone
		{5BE806ED-154C-4C09-B1CC-C801C9966400}.Release|Any CPU.ActiveCfg = Release|iPhone
		{5BE806ED-154C-4C09-B1CC-C801C9966400}.Release|Any CPU.Build.0 = Release|iPhone
		{5BE806ED-154C-4C09-B1CC-C801C9966400}.Release|Any CPU.Deploy.0 = Release|iPhone
		{5BE806ED-154C-4C09-B1CC-C801C9966400}.Release|ARM.ActiveCfg = Release|iPhone
		{5BE806ED-154C-4C09-B1CC-C801C9966400}.Release|ARM.Build.0 = Release|iPhone
		{5BE806ED-154C-4C09-B1CC-C801C9966400}.Release|ARM.Deploy.0 = Release|iPhone
		{5BE806ED-154C-4C09-B1CC-C801C9966400}.Release|iPhone.ActiveCfg = Release|iPhone
		{5BE806ED-154C-4C09-B1CC-C801C9966400}.Release|iPhone.Build.0 = Release|iPhone
		{5BE806ED-154C-4C09-B1CC-C801C9966400}.Release|iPhone.Deploy.0 = Release|iPhone
		{5BE806ED-154C-4C09-B1CC-C801C9966400}.Release|iPhoneSimulator.ActiveCfg = Release|iPhoneSimulator
		{5BE806ED-154C-4C09-B1CC-C801C9966400}.Release|iPhoneSimulator.Build.0 = Release|iPhoneSimulator
		{5BE806ED-154C-4C09-B1CC-C801C9966400}.Release|iPhoneSimulator.Deploy.0 = Release|iPhoneSimulator
		{5BE806ED-154C-4C09-B1CC-C801C9966400}.Release|x64.ActiveCfg = Release|iPhone
		{5BE806ED-154C-4C09-B1CC-C801C9966400}.Release|x64.Build.0 = Release|iPhone
		{5BE806ED-154C-4C09-B1CC-C801C9966400}.Release|x64.Deploy.0 = Release|iPhone
		{5BE806ED-154C-4C09-B1CC-C801C9966400}.Release|x86.ActiveCfg = Release|iPhone
		{5BE806ED-154C-4C09-B1CC-C801C9966400}.Release|x86.Build.0 = Release|iPhone
		{5BE806ED-154C-4C09-B1CC-C801C9966400}.Release|x86.Deploy.0 = Release|iPhone
		{E9B90669-C1B5-48CF-8542-F794433B6AF3}.Ad-Hoc|Any CPU.ActiveCfg = Release|x86
		{E9B90669-C1B5-48CF-8542-F794433B6AF3}.Ad-Hoc|Any CPU.Build.0 = Release|x86
		{E9B90669-C1B5-48CF-8542-F794433B6AF3}.Ad-Hoc|Any CPU.Deploy.0 = Release|x86
		{E9B90669-C1B5-48CF-8542-F794433B6AF3}.Ad-Hoc|ARM.ActiveCfg = Release|ARM
		{E9B90669-C1B5-48CF-8542-F794433B6AF3}.Ad-Hoc|ARM.Build.0 = Release|ARM
		{E9B90669-C1B5-48CF-8542-F794433B6AF3}.Ad-Hoc|ARM.Deploy.0 = Release|ARM
		{E9B90669-C1B5-48CF-8542-F794433B6AF3}.Ad-Hoc|iPhone.ActiveCfg = Release|x86
		{E9B90669-C1B5-48CF-8542-F794433B6AF3}.Ad-Hoc|iPhone.Build.0 = Release|x86
		{E9B90669-C1B5-48CF-8542-F794433B6AF3}.Ad-Hoc|iPhone.Deploy.0 = Release|x86
		{E9B90669-C1B5-48CF-8542-F794433B6AF3}.Ad-Hoc|iPhoneSimulator.ActiveCfg = Release|x86
		{E9B90669-C1B5-48CF-8542-F794433B6AF3}.Ad-Hoc|iPhoneSimulator.Build.0 = Release|x86
		{E9B90669-C1B5-48CF-8542-F794433B6AF3}.Ad-Hoc|iPhoneSimulator.Deploy.0 = Release|x86
		{E9B90669-C1B5-48CF-8542-F794433B6AF3}.Ad-Hoc|x64.ActiveCfg = Release|x64
		{E9B90669-C1B5-48CF-8542-F794433B6AF3}.Ad-Hoc|x64.Build.0 = Release|x64
		{E9B90669-C1B5-48CF-8542-F794433B6AF3}.Ad-Hoc|x64.Deploy.0 = Release|x64
		{E9B90669-C1B5-48CF-8542-F794433B6AF3}.Ad-Hoc|x86.ActiveCfg = Release|x86
		{E9B90669-C1B5-48CF-8542-F794433B6AF3}.Ad-Hoc|x86.Build.0 = Release|x86
		{E9B90669-C1B5-48CF-8542-F794433B6AF3}.Ad-Hoc|x86.Deploy.0 = Release|x86
		{E9B90669-C1B5-48CF-8542-F794433B6AF3}.AppStore|Any CPU.ActiveCfg = Release|x86
		{E9B90669-C1B5-48CF-8542-F794433B6AF3}.AppStore|Any CPU.Build.0 = Release|x86
		{E9B90669-C1B5-48CF-8542-F794433B6AF3}.AppStore|Any CPU.Deploy.0 = Release|x86
		{E9B90669-C1B5-48CF-8542-F794433B6AF3}.AppStore|ARM.ActiveCfg = Release|ARM
		{E9B90669-C1B5-48CF-8542-F794433B6AF3}.AppStore|ARM.Build.0 = Release|ARM
		{E9B90669-C1B5-48CF-8542-F794433B6AF3}.AppStore|ARM.Deploy.0 = Release|ARM
		{E9B90669-C1B5-48CF-8542-F794433B6AF3}.AppStore|iPhone.ActiveCfg = Release|x86
		{E9B90669-C1B5-48CF-8542-F794433B6AF3}.AppStore|iPhone.Build.0 = Release|x86
		{E9B90669-C1B5-48CF-8542-F794433B6AF3}.AppStore|iPhone.Deploy.0 = Release|x86
		{E9B90669-C1B5-48CF-8542-F794433B6AF3}.AppStore|iPhoneSimulator.ActiveCfg = Release|x86
		{E9B90669-C1B5-48CF-8542-F794433B6AF3}.AppStore|iPhoneSimulator.Build.0 = Release|x86
		{E9B90669-C1B5-48CF-8542-F794433B6AF3}.AppStore|iPhoneSimulator.Deploy.0 = Release|x86
		{E9B90669-C1B5-48CF-8542-F794433B6AF3}.AppStore|x64.ActiveCfg = Release|x64
		{E9B90669-C1B5-48CF-8542-F794433B6AF3}.AppStore|x64.Build.0 = Release|x64
		{E9B90669-C1B5-48CF-8542-F794433B6AF3}.AppStore|x64.Deploy.0 = Release|x64
		{E9B90669-C1B5-48CF-8542-F794433B6AF3}.AppStore|x86.ActiveCfg = Release|x86
		{E9B90669-C1B5-48CF-8542-F794433B6AF3}.AppStore|x86.Build.0 = Release|x86
		{E9B90669-C1B5-48CF-8542-F794433B6AF3}.AppStore|x86.Deploy.0 = Release|x86
		{E9B90669-C1B5-48CF-8542-F794433B6AF3}.Debug|Any CPU.ActiveCfg = Debug|x86
		{E9B90669-C1B5-48CF-8542-F794433B6AF3}.Debug|Any CPU.Build.0 = Debug|x86
		{E9B90669-C1B5-48CF-8542-F794433B6AF3}.Debug|Any CPU.Deploy.0 = Debug|x86
		{E9B90669-C1B5-48CF-8542-F794433B6AF3}.Debug|ARM.ActiveCfg = Debug|ARM
		{E9B90669-C1B5-48CF-8542-F794433B6AF3}.Debug|ARM.Build.0 = Debug|ARM
		{E9B90669-C1B5-48CF-8542-F794433B6AF3}.Debug|ARM.Deploy.0 = Debug|ARM
		{E9B90669-C1B5-48CF-8542-F794433B6AF3}.Debug|iPhone.ActiveCfg = Debug|x86
		{E9B90669-C1B5-48CF-8542-F794433B6AF3}.Debug|iPhone.Build.0 = Debug|x86
		{E9B90669-C1B5-48CF-8542-F794433B6AF3}.Debug|iPhone.Deploy.0 = Debug|x86
		{E9B90669-C1B5-48CF-8542-F794433B6AF3}.Debug|iPhoneSimulator.ActiveCfg = Debug|x86
		{E9B90669-C1B5-48CF-8542-F794433B6AF3}.Debug|iPhoneSimulator.Build.0 = Debug|x86
		{E9B90669-C1B5-48CF-8542-F794433B6AF3}.Debug|iPhoneSimulator.Deploy.0 = Debug|x86
		{E9B90669-C1B5-48CF-8542-F794433B6AF3}.Debug|x64.ActiveCfg = Debug|x64
		{E9B90669-C1B5-48CF-8542-F794433B6AF3}.Debug|x64.Build.0 = Debug|x64
		{E9B90669-C1B5-48CF-8542-F794433B6AF3}.Debug|x64.Deploy.0 = Debug|x64
		{E9B90669-C1B5-48CF-8542-F794433B6AF3}.Debug|x86.ActiveCfg = Debug|x86
		{E9B90669-C1B5-48CF-8542-F794433B6AF3}.Debug|x86.Build.0 = Debug|x86
		{E9B90669-C1B5-48CF-8542-F794433B6AF3}.Debug|x86.Deploy.0 = Debug|x86
		{E9B90669-C1B5-48CF-8542-F794433B6AF3}.Release|Any CPU.ActiveCfg = Release|x86
		{E9B90669-C1B5-48CF-8542-F794433B6AF3}.Release|Any CPU.Build.0 = Release|x86
		{E9B90669-C1B5-48CF-8542-F794433B6AF3}.Release|Any CPU.Deploy.0 = Release|x86
		{E9B90669-C1B5-48CF-8542-F794433B6AF3}.Release|ARM.ActiveCfg = Release|ARM
		{E9B90669-C1B5-48CF-8542-F794433B6AF3}.Release|ARM.Build.0 = Release|ARM
		{E9B90669-C1B5-48CF-8542-F794433B6AF3}.Release|ARM.Deploy.0 = Release|ARM
		{E9B90669-C1B5-48CF-8542-F794433B6AF3}.Release|iPhone.ActiveCfg = Release|x86
		{E9B90669-C1B5-48CF-8542-F794433B6AF3}.Release|iPhone.Build.0 = Release|x86
		{E9B90669-C1B5-48CF-8542-F794433B6AF3}.Release|iPhone.Deploy.0 = Release|x86
		{E9B90669-C1B5-48CF-8542-F794433B6AF3}.Release|iPhoneSimulator.ActiveCfg = Release|x86
		{E9B90669-C1B5-48CF-8542-F794433B6AF3}.Release|iPhoneSimulator.Build.0 = Release|x86
		{E9B90669-C1B5-48CF-8542-F794433B6AF3}.Release|iPhoneSimulator.Deploy.0 = Release|x86
		{E9B90669-C1B5-48CF-8542-F794433B6AF3}.Release|x64.ActiveCfg = Release|x64
		{E9B90669-C1B5-48CF-8542-F794433B6AF3}.Release|x64.Build.0 = Release|x64
		{E9B90669-C1B5-48CF-8542-F794433B6AF3}.Release|x64.Deploy.0 = Release|x64
		{E9B90669-C1B5-48CF-8542-F794433B6AF3}.Release|x86.ActiveCfg = Release|x86
		{E9B90669-C1B5-48CF-8542-F794433B6AF3}.Release|x86.Build.0 = Release|x86
		{E9B90669-C1B5-48CF-8542-F794433B6AF3}.Release|x86.Deploy.0 = Release|x86
		{D2142898-B8C5-4F15-AA11-3377CB74B830}.Ad-Hoc|Any CPU.ActiveCfg = Debug|Any CPU
		{D2142898-B8C5-4F15-AA11-3377CB74B830}.Ad-Hoc|Any CPU.Build.0 = Debug|Any CPU
		{D2142898-B8C5-4F15-AA11-3377CB74B830}.Ad-Hoc|Any CPU.Deploy.0 = Debug|Any CPU
		{D2142898-B8C5-4F15-AA11-3377CB74B830}.Ad-Hoc|ARM.ActiveCfg = Debug|Any CPU
		{D2142898-B8C5-4F15-AA11-3377CB74B830}.Ad-Hoc|ARM.Build.0 = Debug|Any CPU
		{D2142898-B8C5-4F15-AA11-3377CB74B830}.Ad-Hoc|ARM.Deploy.0 = Debug|Any CPU
		{D2142898-B8C5-4F15-AA11-3377CB74B830}.Ad-Hoc|iPhone.ActiveCfg = Debug|Any CPU
		{D2142898-B8C5-4F15-AA11-3377CB74B830}.Ad-Hoc|iPhone.Build.0 = Debug|Any CPU
		{D2142898-B8C5-4F15-AA11-3377CB74B830}.Ad-Hoc|iPhone.Deploy.0 = Debug|Any CPU
		{D2142898-B8C5-4F15-AA11-3377CB74B830}.Ad-Hoc|iPhoneSimulator.ActiveCfg = Debug|Any CPU
		{D2142898-B8C5-4F15-AA11-3377CB74B830}.Ad-Hoc|iPhoneSimulator.Build.0 = Debug|Any CPU
		{D2142898-B8C5-4F15-AA11-3377CB74B830}.Ad-Hoc|iPhoneSimulator.Deploy.0 = Debug|Any CPU
		{D2142898-B8C5-4F15-AA11-3377CB74B830}.Ad-Hoc|x64.ActiveCfg = Debug|Any CPU
		{D2142898-B8C5-4F15-AA11-3377CB74B830}.Ad-Hoc|x64.Build.0 = Debug|Any CPU
		{D2142898-B8C5-4F15-AA11-3377CB74B830}.Ad-Hoc|x64.Deploy.0 = Debug|Any CPU
		{D2142898-B8C5-4F15-AA11-3377CB74B830}.Ad-Hoc|x86.ActiveCfg = Debug|Any CPU
		{D2142898-B8C5-4F15-AA11-3377CB74B830}.Ad-Hoc|x86.Build.0 = Debug|Any CPU
		{D2142898-B8C5-4F15-AA11-3377CB74B830}.Ad-Hoc|x86.Deploy.0 = Debug|Any CPU
		{D2142898-B8C5-4F15-AA11-3377CB74B830}.AppStore|Any CPU.ActiveCfg = Debug|Any CPU
		{D2142898-B8C5-4F15-AA11-3377CB74B830}.AppStore|Any CPU.Build.0 = Debug|Any CPU
		{D2142898-B8C5-4F15-AA11-3377CB74B830}.AppStore|Any CPU.Deploy.0 = Debug|Any CPU
		{D2142898-B8C5-4F15-AA11-3377CB74B830}.AppStore|ARM.ActiveCfg = Debug|Any CPU
		{D2142898-B8C5-4F15-AA11-3377CB74B830}.AppStore|ARM.Build.0 = Debug|Any CPU
		{D2142898-B8C5-4F15-AA11-3377CB74B830}.AppStore|ARM.Deploy.0 = Debug|Any CPU
		{D2142898-B8C5-4F15-AA11-3377CB74B830}.AppStore|iPhone.ActiveCfg = Debug|Any CPU
		{D2142898-B8C5-4F15-AA11-3377CB74B830}.AppStore|iPhone.Build.0 = Debug|Any CPU
		{D2142898-B8C5-4F15-AA11-3377CB74B830}.AppStore|iPhone.Deploy.0 = Debug|Any CPU
		{D2142898-B8C5-4F15-AA11-3377CB74B830}.AppStore|iPhoneSimulator.ActiveCfg = Debug|Any CPU
		{D2142898-B8C5-4F15-AA11-3377CB74B830}.AppStore|iPhoneSimulator.Build.0 = Debug|Any CPU
		{D2142898-B8C5-4F15-AA11-3377CB74B830}.AppStore|iPhoneSimulator.Deploy.0 = Debug|Any CPU
		{D2142898-B8C5-4F15-AA11-3377CB74B830}.AppStore|x64.ActiveCfg = Debug|Any CPU
		{D2142898-B8C5-4F15-AA11-3377CB74B830}.AppStore|x64.Build.0 = Debug|Any CPU
		{D2142898-B8C5-4F15-AA11-3377CB74B830}.AppStore|x64.Deploy.0 = Debug|Any CPU
		{D2142898-B8C5-4F15-AA11-3377CB74B830}.AppStore|x86.ActiveCfg = Debug|Any CPU
		{D2142898-B8C5-4F15-AA11-3377CB74B830}.AppStore|x86.Build.0 = Debug|Any CPU
		{D2142898-B8C5-4F15-AA11-3377CB74B830}.AppStore|x86.Deploy.0 = Debug|Any CPU
		{D2142898-B8C5-4F15-AA11-3377CB74B830}.Debug|Any CPU.ActiveCfg = Debug|Any CPU
		{D2142898-B8C5-4F15-AA11-3377CB74B830}.Debug|Any CPU.Build.0 = Debug|Any CPU
		{D2142898-B8C5-4F15-AA11-3377CB74B830}.Debug|Any CPU.Deploy.0 = Debug|Any CPU
		{D2142898-B8C5-4F15-AA11-3377CB74B830}.Debug|ARM.ActiveCfg = Debug|Any CPU
		{D2142898-B8C5-4F15-AA11-3377CB74B830}.Debug|ARM.Build.0 = Debug|Any CPU
		{D2142898-B8C5-4F15-AA11-3377CB74B830}.Debug|ARM.Deploy.0 = Debug|Any CPU
		{D2142898-B8C5-4F15-AA11-3377CB74B830}.Debug|iPhone.ActiveCfg = Debug|Any CPU
		{D2142898-B8C5-4F15-AA11-3377CB74B830}.Debug|iPhone.Build.0 = Debug|Any CPU
		{D2142898-B8C5-4F15-AA11-3377CB74B830}.Debug|iPhone.Deploy.0 = Debug|Any CPU
		{D2142898-B8C5-4F15-AA11-3377CB74B830}.Debug|iPhoneSimulator.ActiveCfg = Debug|Any CPU
		{D2142898-B8C5-4F15-AA11-3377CB74B830}.Debug|iPhoneSimulator.Build.0 = Debug|Any CPU
		{D2142898-B8C5-4F15-AA11-3377CB74B830}.Debug|iPhoneSimulator.Deploy.0 = Debug|Any CPU
		{D2142898-B8C5-4F15-AA11-3377CB74B830}.Debug|x64.ActiveCfg = Debug|Any CPU
		{D2142898-B8C5-4F15-AA11-3377CB74B830}.Debug|x64.Build.0 = Debug|Any CPU
		{D2142898-B8C5-4F15-AA11-3377CB74B830}.Debug|x64.Deploy.0 = Debug|Any CPU
		{D2142898-B8C5-4F15-AA11-3377CB74B830}.Debug|x86.ActiveCfg = Debug|Any CPU
		{D2142898-B8C5-4F15-AA11-3377CB74B830}.Debug|x86.Build.0 = Debug|Any CPU
		{D2142898-B8C5-4F15-AA11-3377CB74B830}.Debug|x86.Deploy.0 = Debug|Any CPU
		{D2142898-B8C5-4F15-AA11-3377CB74B830}.Release|Any CPU.ActiveCfg = Release|Any CPU
		{D2142898-B8C5-4F15-AA11-3377CB74B830}.Release|Any CPU.Build.0 = Release|Any CPU
		{D2142898-B8C5-4F15-AA11-3377CB74B830}.Release|Any CPU.Deploy.0 = Release|Any CPU
		{D2142898-B8C5-4F15-AA11-3377CB74B830}.Release|ARM.ActiveCfg = Release|Any CPU
		{D2142898-B8C5-4F15-AA11-3377CB74B830}.Release|ARM.Build.0 = Release|Any CPU
		{D2142898-B8C5-4F15-AA11-3377CB74B830}.Release|ARM.Deploy.0 = Release|Any CPU
		{D2142898-B8C5-4F15-AA11-3377CB74B830}.Release|iPhone.ActiveCfg = Release|Any CPU
		{D2142898-B8C5-4F15-AA11-3377CB74B830}.Release|iPhone.Build.0 = Release|Any CPU
		{D2142898-B8C5-4F15-AA11-3377CB74B830}.Release|iPhone.Deploy.0 = Release|Any CPU
		{D2142898-B8C5-4F15-AA11-3377CB74B830}.Release|iPhoneSimulator.ActiveCfg = Release|Any CPU
		{D2142898-B8C5-4F15-AA11-3377CB74B830}.Release|iPhoneSimulator.Build.0 = Release|Any CPU
		{D2142898-B8C5-4F15-AA11-3377CB74B830}.Release|iPhoneSimulator.Deploy.0 = Release|Any CPU
		{D2142898-B8C5-4F15-AA11-3377CB74B830}.Release|x64.ActiveCfg = Release|Any CPU
		{D2142898-B8C5-4F15-AA11-3377CB74B830}.Release|x64.Build.0 = Release|Any CPU
		{D2142898-B8C5-4F15-AA11-3377CB74B830}.Release|x64.Deploy.0 = Release|Any CPU
		{D2142898-B8C5-4F15-AA11-3377CB74B830}.Release|x86.ActiveCfg = Release|Any CPU
		{D2142898-B8C5-4F15-AA11-3377CB74B830}.Release|x86.Build.0 = Release|Any CPU
		{D2142898-B8C5-4F15-AA11-3377CB74B830}.Release|x86.Deploy.0 = Release|Any CPU
	EndGlobalSection
	GlobalSection(SolutionProperties) = preSolution
		HideSolutionNode = FALSE
	EndGlobalSection
	GlobalSection(ExtensibilityGlobals) = postSolution
		SolutionGuid = {2DCFDE59-6764-48C5-B0CD-C33BBEA49C7F}
	EndGlobalSection
EndGlobal
